
Microsoft Visual Studio Solution File, Format Version 12.00
# Visual Studio 2013
VisualStudioVersion = 12.0.21005.1
MinimumVisualStudioVersion = 10.0.40219.1
Project("{FAE04EC0-301F-11D3-BF4B-00C04F79EFBC}") = "Glavna", "Glavna\Glavna.csproj", "{57ABA4D0-F2C0-4AB4-9F77-0DD14F21A58E}"
EndProject
Project("{FAE04EC0-301F-11D3-BF4B-00C04F79EFBC}") = "Student", "Student\Student.csproj", "{FDAF95C4-5126-42D5-B5D9-56740F751772}"
EndProject
Project("{FAE04EC0-301F-11D3-BF4B-00C04F79EFBC}") = "Predmeti", "Predmeti\Predmeti.csproj", "{F2C898B1-7F80-4A4B-8975-4735FF8C3118}"
EndProject
Global
	GlobalSection(SolutionConfigurationPlatforms) = preSolution
		Debug|Any CPU = Debug|Any CPU
		Release|Any CPU = Release|Any CPU
	EndGlobalSection
	GlobalSection(ProjectConfigurationPlatforms) = postSolution
		{57ABA4D0-F2C0-4AB4-9F77-0DD14F21A58E}.Debug|Any CPU.ActiveCfg = Debug|Any CPU
		{57ABA4D0-F2C0-4AB4-9F77-0DD14F21A58E}.Debug|Any CPU.Build.0 = Debug|Any CPU
		{57ABA4D0-F2C0-4AB4-9F77-0DD14F21A58E}.Release|Any CPU.ActiveCfg = Release|Any CPU
		{57ABA4D0-F2C0-4AB4-9F77-0DD14F21A58E}.Release|Any CPU.Build.0 = Release|Any CPU
		{FDAF95C4-5126-42D5-B5D9-56740F751772}.Debug|Any CPU.ActiveCfg = Debug|Any CPU
		{FDAF95C4-5126-42D5-B5D9-56740F751772}.Debug|Any CPU.Build.0 = Debug|Any CPU
		{FDAF95C4-5126-42D5-B5D9-56740F751772}.Release|Any CPU.ActiveCfg = Release|Any CPU
		{FDAF95C4-5126-42D5-B5D9-56740F751772}.Release|Any CPU.Build.0 = Release|Any CPU
		{F2C898B1-7F80-4A4B-8975-4735FF8C3118}.Debug|Any CPU.ActiveCfg = Debug|Any CPU
		{F2C898B1-7F80-4A4B-8975-4735FF8C3118}.Debug|Any CPU.Build.0 = Debug|Any CPU
		{F2C898B1-7F80-4A4B-8975-4735FF8C3118}.Release|Any CPU.ActiveCfg = Release|Any CPU
		{F2C898B1-7F80-4A4B-8975-4735FF8C3118}.Release|Any CPU.Build.0 = Release|Any CPU
	EndGlobalSection
	GlobalSection(SolutionProperties) = preSolution
		HideSolutionNode = FALSE
	EndGlobalSection
EndGlobal
